
Microsoft Visual Studio Solution File, Format Version 12.00
Project("{FAE04EC0-301F-11D3-BF4B-00C04F79EFBC}") = "StockAnalyzerProgram", "StockAnalyzerProgram\StockAnalyzerProgram.csproj", "{CFCCC08D-D432-438E-9E6B-58CBAAD513F5}"
EndProject
Global
	GlobalSection(SolutionConfigurationPlatforms) = preSolution
		Debug|Any CPU = Debug|Any CPU
		Release|Any CPU = Release|Any CPU
	EndGlobalSection
	GlobalSection(ProjectConfigurationPlatforms) = postSolution
		{CFCCC08D-D432-438E-9E6B-58CBAAD513F5}.Debug|Any CPU.ActiveCfg = Debug|Any CPU
		{CFCCC08D-D432-438E-9E6B-58CBAAD513F5}.Debug|Any CPU.Build.0 = Debug|Any CPU
		{CFCCC08D-D432-438E-9E6B-58CBAAD513F5}.Release|Any CPU.ActiveCfg = Release|Any CPU
		{CFCCC08D-D432-438E-9E6B-58CBAAD513F5}.Release|Any CPU.Build.0 = Release|Any CPU
	EndGlobalSection
EndGlobal
